// !$*UTF8*$!
{
	archiveVersion = 1;
	classes = {
	};
	objectVersion = 46;
	objects = {

/* Begin PBXBuildFile section */
		0649AB1416E9200D001323D2 /* UIKit.framework in Frameworks */ = {isa = PBXBuildFile; fileRef = 0649AB1316E9200D001323D2 /* UIKit.framework */; };
		0649AB1616E9200D001323D2 /* Foundation.framework in Frameworks */ = {isa = PBXBuildFile; fileRef = 0649AB1516E9200D001323D2 /* Foundation.framework */; };
		0649AB1816E9200D001323D2 /* CoreGraphics.framework in Frameworks */ = {isa = PBXBuildFile; fileRef = 0649AB1716E9200D001323D2 /* CoreGraphics.framework */; };
		0649AB1E16E9200D001323D2 /* InfoPlist.strings in Resources */ = {isa = PBXBuildFile; fileRef = 0649AB1C16E9200D001323D2 /* InfoPlist.strings */; };
		0649AB2016E9200D001323D2 /* main.m in Sources */ = {isa = PBXBuildFile; fileRef = 0649AB1F16E9200D001323D2 /* main.m */; };
		0649AB2416E9200D001323D2 /* DFUAppDelegate.m in Sources */ = {isa = PBXBuildFile; fileRef = 0649AB2316E9200D001323D2 /* DFUAppDelegate.m */; };
		0649AB2D16E9200D001323D2 /* DFUViewController.m in Sources */ = {isa = PBXBuildFile; fileRef = 0649AB2C16E9200D001323D2 /* DFUViewController.m */; };
		0649AB3016E9200D001323D2 /* DFUViewController_iPhone.xib in Resources */ = {isa = PBXBuildFile; fileRef = 0649AB2E16E9200D001323D2 /* DFUViewController_iPhone.xib */; };
		0649AB3316E9200D001323D2 /* DFUViewController_iPad.xib in Resources */ = {isa = PBXBuildFile; fileRef = 0649AB3116E9200D001323D2 /* DFUViewController_iPad.xib */; };
		0649AB3B16E9200D001323D2 /* SenTestingKit.framework in Frameworks */ = {isa = PBXBuildFile; fileRef = 0649AB3A16E9200D001323D2 /* SenTestingKit.framework */; };
		0649AB3C16E9200D001323D2 /* UIKit.framework in Frameworks */ = {isa = PBXBuildFile; fileRef = 0649AB1316E9200D001323D2 /* UIKit.framework */; };
		0649AB3D16E9200D001323D2 /* Foundation.framework in Frameworks */ = {isa = PBXBuildFile; fileRef = 0649AB1516E9200D001323D2 /* Foundation.framework */; };
		0649AB4516E9200D001323D2 /* InfoPlist.strings in Resources */ = {isa = PBXBuildFile; fileRef = 0649AB4316E9200D001323D2 /* InfoPlist.strings */; };
		0649AB4816E9200D001323D2 /* DFURTSPPlayerTests.m in Sources */ = {isa = PBXBuildFile; fileRef = 0649AB4716E9200D001323D2 /* DFURTSPPlayerTests.m */; };
		0649AB5516E92055001323D2 /* Default-568h@2x.png in Resources */ = {isa = PBXBuildFile; fileRef = 0649AB5216E92055001323D2 /* Default-568h@2x.png */; };
		0649AB5616E92055001323D2 /* Default.png in Resources */ = {isa = PBXBuildFile; fileRef = 0649AB5316E92055001323D2 /* Default.png */; };
		0649AB5716E92055001323D2 /* Default@2x.png in Resources */ = {isa = PBXBuildFile; fileRef = 0649AB5416E92055001323D2 /* Default@2x.png */; };
		0649ABC016E928DF001323D2 /* libbz2.dylib in Frameworks */ = {isa = PBXBuildFile; fileRef = 0649ABBF16E928DF001323D2 /* libbz2.dylib */; };
		0649ABC216E928E6001323D2 /* libz.dylib in Frameworks */ = {isa = PBXBuildFile; fileRef = 0649ABC116E928E6001323D2 /* libz.dylib */; };
		0649ABC816E92C9F001323D2 /* AVFoundation.framework in Frameworks */ = {isa = PBXBuildFile; fileRef = 0649ABC716E92C9F001323D2 /* AVFoundation.framework */; };
		0649ABCA16E92CA7001323D2 /* QuartzCore.framework in Frameworks */ = {isa = PBXBuildFile; fileRef = 0649ABC916E92CA7001323D2 /* QuartzCore.framework */; };
		0649ABCC16E92CB1001323D2 /* CoreMedia.framework in Frameworks */ = {isa = PBXBuildFile; fileRef = 0649ABCB16E92CB1001323D2 /* CoreMedia.framework */; };
		0649ABCE16E92CB8001323D2 /* CoreImage.framework in Frameworks */ = {isa = PBXBuildFile; fileRef = 0649ABCD16E92CB8001323D2 /* CoreImage.framework */; };
		0649ABD016E92CBE001323D2 /* CoreVideo.framework in Frameworks */ = {isa = PBXBuildFile; fileRef = 0649ABCF16E92CBE001323D2 /* CoreVideo.framework */; };
		0649ABDB16E93103001323D2 /* AudioStreamer.m in Sources */ = {isa = PBXBuildFile; fileRef = 0649ABD616E93103001323D2 /* AudioStreamer.m */; };
		0649ABDC16E93103001323D2 /* Utilities.m in Sources */ = {isa = PBXBuildFile; fileRef = 0649ABD816E93103001323D2 /* Utilities.m */; };
		0649ABDD16E93103001323D2 /* RTSPPlayer.m in Sources */ = {isa = PBXBuildFile; fileRef = 0649ABDA16E93103001323D2 /* RTSPPlayer.m */; };
		0649ABDF16E93112001323D2 /* AudioToolbox.framework in Frameworks */ = {isa = PBXBuildFile; fileRef = 0649ABDE16E93112001323D2 /* AudioToolbox.framework */; };
		0649ABE116E93227001323D2 /* sophie.mov in Resources */ = {isa = PBXBuildFile; fileRef = 0649ABE016E93227001323D2 /* sophie.mov */; };
		19F0EB881A44CEB8001ADFAE /* libavcodec.a in Frameworks */ = {isa = PBXBuildFile; fileRef = 19F0EB811A44CEB8001ADFAE /* libavcodec.a */; };
		19F0EB891A44CEB8001ADFAE /* libavdevice.a in Frameworks */ = {isa = PBXBuildFile; fileRef = 19F0EB821A44CEB8001ADFAE /* libavdevice.a */; };
		19F0EB8A1A44CEB8001ADFAE /* libavfilter.a in Frameworks */ = {isa = PBXBuildFile; fileRef = 19F0EB831A44CEB8001ADFAE /* libavfilter.a */; };
		19F0EB8B1A44CEB8001ADFAE /* libavformat.a in Frameworks */ = {isa = PBXBuildFile; fileRef = 19F0EB841A44CEB8001ADFAE /* libavformat.a */; };
		19F0EB8C1A44CEB8001ADFAE /* libavutil.a in Frameworks */ = {isa = PBXBuildFile; fileRef = 19F0EB851A44CEB8001ADFAE /* libavutil.a */; };
		19F0EB8D1A44CEB8001ADFAE /* libswresample.a in Frameworks */ = {isa = PBXBuildFile; fileRef = 19F0EB861A44CEB8001ADFAE /* libswresample.a */; };
		19F0EB8E1A44CEB8001ADFAE /* libswscale.a in Frameworks */ = {isa = PBXBuildFile; fileRef = 19F0EB871A44CEB8001ADFAE /* libswscale.a */; };
/* End PBXBuildFile section */

/* Begin PBXContainerItemProxy section */
		0649AB3E16E9200D001323D2 /* PBXContainerItemProxy */ = {
			isa = PBXContainerItemProxy;
			containerPortal = 0649AB0816E9200D001323D2 /* Project object */;
			proxyType = 1;
			remoteGlobalIDString = 0649AB0F16E9200D001323D2;
			remoteInfo = DFURTSPPlayer;
		};
/* End PBXContainerItemProxy section */

/* Begin PBXFileReference section */
		0649AB1016E9200D001323D2 /* DFURTSPPlayer.app */ = {isa = PBXFileReference; explicitFileType = wrapper.application; includeInIndex = 0; path = DFURTSPPlayer.app; sourceTree = BUILT_PRODUCTS_DIR; };
		0649AB1316E9200D001323D2 /* UIKit.framework */ = {isa = PBXFileReference; lastKnownFileType = wrapper.framework; name = UIKit.framework; path = System/Library/Frameworks/UIKit.framework; sourceTree = SDKROOT; };
		0649AB1516E9200D001323D2 /* Foundation.framework */ = {isa = PBXFileReference; lastKnownFileType = wrapper.framework; name = Foundation.framework; path = System/Library/Frameworks/Foundation.framework; sourceTree = SDKROOT; };
		0649AB1716E9200D001323D2 /* CoreGraphics.framework */ = {isa = PBXFileReference; lastKnownFileType = wrapper.framework; name = CoreGraphics.framework; path = System/Library/Frameworks/CoreGraphics.framework; sourceTree = SDKROOT; };
		0649AB1B16E9200D001323D2 /* DFURTSPPlayer-Info.plist */ = {isa = PBXFileReference; lastKnownFileType = text.plist.xml; path = "DFURTSPPlayer-Info.plist"; sourceTree = "<group>"; };
		0649AB1D16E9200D001323D2 /* en */ = {isa = PBXFileReference; lastKnownFileType = text.plist.strings; name = en; path = en.lproj/InfoPlist.strings; sourceTree = "<group>"; };
		0649AB1F16E9200D001323D2 /* main.m */ = {isa = PBXFileReference; lastKnownFileType = sourcecode.c.objc; path = main.m; sourceTree = "<group>"; };
		0649AB2116E9200D001323D2 /* DFURTSPPlayer-Prefix.pch */ = {isa = PBXFileReference; lastKnownFileType = sourcecode.c.h; path = "DFURTSPPlayer-Prefix.pch"; sourceTree = "<group>"; };
		0649AB2216E9200D001323D2 /* DFUAppDelegate.h */ = {isa = PBXFileReference; lastKnownFileType = sourcecode.c.h; path = DFUAppDelegate.h; sourceTree = "<group>"; };
		0649AB2316E9200D001323D2 /* DFUAppDelegate.m */ = {isa = PBXFileReference; lastKnownFileType = sourcecode.c.objc; path = DFUAppDelegate.m; sourceTree = "<group>"; };
		0649AB2B16E9200D001323D2 /* DFUViewController.h */ = {isa = PBXFileReference; lastKnownFileType = sourcecode.c.h; path = DFUViewController.h; sourceTree = "<group>"; };
		0649AB2C16E9200D001323D2 /* DFUViewController.m */ = {isa = PBXFileReference; lastKnownFileType = sourcecode.c.objc; path = DFUViewController.m; sourceTree = "<group>"; };
		0649AB2F16E9200D001323D2 /* en */ = {isa = PBXFileReference; lastKnownFileType = file.xib; name = en; path = en.lproj/DFUViewController_iPhone.xib; sourceTree = "<group>"; };
		0649AB3216E9200D001323D2 /* en */ = {isa = PBXFileReference; lastKnownFileType = file.xib; name = en; path = en.lproj/DFUViewController_iPad.xib; sourceTree = "<group>"; };
		0649AB3916E9200D001323D2 /* DFURTSPPlayerTests.octest */ = {isa = PBXFileReference; explicitFileType = wrapper.cfbundle; includeInIndex = 0; path = DFURTSPPlayerTests.octest; sourceTree = BUILT_PRODUCTS_DIR; };
		0649AB3A16E9200D001323D2 /* SenTestingKit.framework */ = {isa = PBXFileReference; lastKnownFileType = wrapper.framework; name = SenTestingKit.framework; path = Library/Frameworks/SenTestingKit.framework; sourceTree = DEVELOPER_DIR; };
		0649AB4216E9200D001323D2 /* DFURTSPPlayerTests-Info.plist */ = {isa = PBXFileReference; lastKnownFileType = text.plist.xml; path = "DFURTSPPlayerTests-Info.plist"; sourceTree = "<group>"; };
		0649AB4416E9200D001323D2 /* en */ = {isa = PBXFileReference; lastKnownFileType = text.plist.strings; name = en; path = en.lproj/InfoPlist.strings; sourceTree = "<group>"; };
		0649AB4616E9200D001323D2 /* DFURTSPPlayerTests.h */ = {isa = PBXFileReference; lastKnownFileType = sourcecode.c.h; path = DFURTSPPlayerTests.h; sourceTree = "<group>"; };
		0649AB4716E9200D001323D2 /* DFURTSPPlayerTests.m */ = {isa = PBXFileReference; lastKnownFileType = sourcecode.c.objc; path = DFURTSPPlayerTests.m; sourceTree = "<group>"; };
		0649AB5216E92055001323D2 /* Default-568h@2x.png */ = {isa = PBXFileReference; lastKnownFileType = image.png; path = "Default-568h@2x.png"; sourceTree = "<group>"; };
		0649AB5316E92055001323D2 /* Default.png */ = {isa = PBXFileReference; lastKnownFileType = image.png; path = Default.png; sourceTree = "<group>"; };
		0649AB5416E92055001323D2 /* Default@2x.png */ = {isa = PBXFileReference; lastKnownFileType = image.png; path = "Default@2x.png"; sourceTree = "<group>"; };
		0649ABBF16E928DF001323D2 /* libbz2.dylib */ = {isa = PBXFileReference; lastKnownFileType = "compiled.mach-o.dylib"; name = libbz2.dylib; path = usr/lib/libbz2.dylib; sourceTree = SDKROOT; };
		0649ABC116E928E6001323D2 /* libz.dylib */ = {isa = PBXFileReference; lastKnownFileType = "compiled.mach-o.dylib"; name = libz.dylib; path = usr/lib/libz.dylib; sourceTree = SDKROOT; };
		0649ABC716E92C9F001323D2 /* AVFoundation.framework */ = {isa = PBXFileReference; lastKnownFileType = wrapper.framework; name = AVFoundation.framework; path = System/Library/Frameworks/AVFoundation.framework; sourceTree = SDKROOT; };
		0649ABC916E92CA7001323D2 /* QuartzCore.framework */ = {isa = PBXFileReference; lastKnownFileType = wrapper.framework; name = QuartzCore.framework; path = System/Library/Frameworks/QuartzCore.framework; sourceTree = SDKROOT; };
		0649ABCB16E92CB1001323D2 /* CoreMedia.framework */ = {isa = PBXFileReference; lastKnownFileType = wrapper.framework; name = CoreMedia.framework; path = System/Library/Frameworks/CoreMedia.framework; sourceTree = SDKROOT; };
		0649ABCD16E92CB8001323D2 /* CoreImage.framework */ = {isa = PBXFileReference; lastKnownFileType = wrapper.framework; name = CoreImage.framework; path = System/Library/Frameworks/CoreImage.framework; sourceTree = SDKROOT; };
		0649ABCF16E92CBE001323D2 /* CoreVideo.framework */ = {isa = PBXFileReference; lastKnownFileType = wrapper.framework; name = CoreVideo.framework; path = System/Library/Frameworks/CoreVideo.framework; sourceTree = SDKROOT; };
		0649ABD516E93103001323D2 /* AudioStreamer.h */ = {isa = PBXFileReference; fileEncoding = 4; lastKnownFileType = sourcecode.c.h; path = AudioStreamer.h; sourceTree = "<group>"; };
		0649ABD616E93103001323D2 /* AudioStreamer.m */ = {isa = PBXFileReference; fileEncoding = 4; lastKnownFileType = sourcecode.c.objc; path = AudioStreamer.m; sourceTree = "<group>"; };
		0649ABD716E93103001323D2 /* Utilities.h */ = {isa = PBXFileReference; fileEncoding = 4; lastKnownFileType = sourcecode.c.h; path = Utilities.h; sourceTree = "<group>"; };
		0649ABD816E93103001323D2 /* Utilities.m */ = {isa = PBXFileReference; fileEncoding = 4; lastKnownFileType = sourcecode.c.objc; path = Utilities.m; sourceTree = "<group>"; };
		0649ABD916E93103001323D2 /* RTSPPlayer.h */ = {isa = PBXFileReference; fileEncoding = 4; lastKnownFileType = sourcecode.c.h; path = RTSPPlayer.h; sourceTree = "<group>"; };
		0649ABDA16E93103001323D2 /* RTSPPlayer.m */ = {isa = PBXFileReference; fileEncoding = 4; lastKnownFileType = sourcecode.c.objc; path = RTSPPlayer.m; sourceTree = "<group>"; };
		0649ABDE16E93112001323D2 /* AudioToolbox.framework */ = {isa = PBXFileReference; lastKnownFileType = wrapper.framework; name = AudioToolbox.framework; path = System/Library/Frameworks/AudioToolbox.framework; sourceTree = SDKROOT; };
		0649ABE016E93227001323D2 /* sophie.mov */ = {isa = PBXFileReference; lastKnownFileType = video.quicktime; path = sophie.mov; sourceTree = "<group>"; };
		19F0EB211A44CEB8001ADFAE /* avcodec.h */ = {isa = PBXFileReference; fileEncoding = 4; lastKnownFileType = sourcecode.c.h; path = avcodec.h; sourceTree = "<group>"; };
		19F0EB221A44CEB8001ADFAE /* avfft.h */ = {isa = PBXFileReference; fileEncoding = 4; lastKnownFileType = sourcecode.c.h; path = avfft.h; sourceTree = "<group>"; };
		19F0EB231A44CEB8001ADFAE /* dv_profile.h */ = {isa = PBXFileReference; fileEncoding = 4; lastKnownFileType = sourcecode.c.h; path = dv_profile.h; sourceTree = "<group>"; };
		19F0EB241A44CEB8001ADFAE /* dxva2.h */ = {isa = PBXFileReference; fileEncoding = 4; lastKnownFileType = sourcecode.c.h; path = dxva2.h; sourceTree = "<group>"; };
		19F0EB251A44CEB8001ADFAE /* old_codec_ids.h */ = {isa = PBXFileReference; fileEncoding = 4; lastKnownFileType = sourcecode.c.h; path = old_codec_ids.h; sourceTree = "<group>"; };
		19F0EB261A44CEB8001ADFAE /* vaapi.h */ = {isa = PBXFileReference; fileEncoding = 4; lastKnownFileType = sourcecode.c.h; path = vaapi.h; sourceTree = "<group>"; };
		19F0EB271A44CEB8001ADFAE /* vda.h */ = {isa = PBXFileReference; fileEncoding = 4; lastKnownFileType = sourcecode.c.h; path = vda.h; sourceTree = "<group>"; };
		19F0EB281A44CEB8001ADFAE /* vdpau.h */ = {isa = PBXFileReference; fileEncoding = 4; lastKnownFileType = sourcecode.c.h; path = vdpau.h; sourceTree = "<group>"; };
		19F0EB291A44CEB8001ADFAE /* version.h */ = {isa = PBXFileReference; fileEncoding = 4; lastKnownFileType = sourcecode.c.h; path = version.h; sourceTree = "<group>"; };
		19F0EB2A1A44CEB8001ADFAE /* vorbis_parser.h */ = {isa = PBXFileReference; fileEncoding = 4; lastKnownFileType = sourcecode.c.h; path = vorbis_parser.h; sourceTree = "<group>"; };
		19F0EB2B1A44CEB8001ADFAE /* xvmc.h */ = {isa = PBXFileReference; fileEncoding = 4; lastKnownFileType = sourcecode.c.h; path = xvmc.h; sourceTree = "<group>"; };
		19F0EB2D1A44CEB8001ADFAE /* avdevice.h */ = {isa = PBXFileReference; fileEncoding = 4; lastKnownFileType = sourcecode.c.h; path = avdevice.h; sourceTree = "<group>"; };
		19F0EB2E1A44CEB8001ADFAE /* version.h */ = {isa = PBXFileReference; fileEncoding = 4; lastKnownFileType = sourcecode.c.h; path = version.h; sourceTree = "<group>"; };
		19F0EB301A44CEB8001ADFAE /* asrc_abuffer.h */ = {isa = PBXFileReference; fileEncoding = 4; lastKnownFileType = sourcecode.c.h; path = asrc_abuffer.h; sourceTree = "<group>"; };
		19F0EB311A44CEB8001ADFAE /* avcodec.h */ = {isa = PBXFileReference; fileEncoding = 4; lastKnownFileType = sourcecode.c.h; path = avcodec.h; sourceTree = "<group>"; };
		19F0EB321A44CEB8001ADFAE /* avfilter.h */ = {isa = PBXFileReference; fileEncoding = 4; lastKnownFileType = sourcecode.c.h; path = avfilter.h; sourceTree = "<group>"; };
		19F0EB331A44CEB8001ADFAE /* avfiltergraph.h */ = {isa = PBXFileReference; fileEncoding = 4; lastKnownFileType = sourcecode.c.h; path = avfiltergraph.h; sourceTree = "<group>"; };
		19F0EB341A44CEB8001ADFAE /* buffersink.h */ = {isa = PBXFileReference; fileEncoding = 4; lastKnownFileType = sourcecode.c.h; path = buffersink.h; sourceTree = "<group>"; };
		19F0EB351A44CEB8001ADFAE /* buffersrc.h */ = {isa = PBXFileReference; fileEncoding = 4; lastKnownFileType = sourcecode.c.h; path = buffersrc.h; sourceTree = "<group>"; };
		19F0EB361A44CEB8001ADFAE /* version.h */ = {isa = PBXFileReference; fileEncoding = 4; lastKnownFileType = sourcecode.c.h; path = version.h; sourceTree = "<group>"; };
		19F0EB381A44CEB8001ADFAE /* avformat.h */ = {isa = PBXFileReference; fileEncoding = 4; lastKnownFileType = sourcecode.c.h; path = avformat.h; sourceTree = "<group>"; };
		19F0EB391A44CEB8001ADFAE /* avio.h */ = {isa = PBXFileReference; fileEncoding = 4; lastKnownFileType = sourcecode.c.h; path = avio.h; sourceTree = "<group>"; };
		19F0EB3A1A44CEB8001ADFAE /* version.h */ = {isa = PBXFileReference; fileEncoding = 4; lastKnownFileType = sourcecode.c.h; path = version.h; sourceTree = "<group>"; };
		19F0EB3C1A44CEB8001ADFAE /* adler32.h */ = {isa = PBXFileReference; fileEncoding = 4; lastKnownFileType = sourcecode.c.h; path = adler32.h; sourceTree = "<group>"; };
		19F0EB3D1A44CEB8001ADFAE /* aes.h */ = {isa = PBXFileReference; fileEncoding = 4; lastKnownFileType = sourcecode.c.h; path = aes.h; sourceTree = "<group>"; };
		19F0EB3E1A44CEB8001ADFAE /* attributes.h */ = {isa = PBXFileReference; fileEncoding = 4; lastKnownFileType = sourcecode.c.h; path = attributes.h; sourceTree = "<group>"; };
		19F0EB3F1A44CEB8001ADFAE /* audio_fifo.h */ = {isa = PBXFileReference; fileEncoding = 4; lastKnownFileType = sourcecode.c.h; path = audio_fifo.h; sourceTree = "<group>"; };
		19F0EB401A44CEB8001ADFAE /* audioconvert.h */ = {isa = PBXFileReference; fileEncoding = 4; lastKnownFileType = sourcecode.c.h; path = audioconvert.h; sourceTree = "<group>"; };
		19F0EB411A44CEB8001ADFAE /* avassert.h */ = {isa = PBXFileReference; fileEncoding = 4; lastKnownFileType = sourcecode.c.h; path = avassert.h; sourceTree = "<group>"; };
		19F0EB421A44CEB8001ADFAE /* avconfig.h */ = {isa = PBXFileReference; fileEncoding = 4; lastKnownFileType = sourcecode.c.h; path = avconfig.h; sourceTree = "<group>"; };
		19F0EB431A44CEB8001ADFAE /* avstring.h */ = {isa = PBXFileReference; fileEncoding = 4; lastKnownFileType = sourcecode.c.h; path = avstring.h; sourceTree = "<group>"; };
		19F0EB441A44CEB8001ADFAE /* avutil.h */ = {isa = PBXFileReference; fileEncoding = 4; lastKnownFileType = sourcecode.c.h; path = avutil.h; sourceTree = "<group>"; };
		19F0EB451A44CEB8001ADFAE /* base64.h */ = {isa = PBXFileReference; fileEncoding = 4; lastKnownFileType = sourcecode.c.h; path = base64.h; sourceTree = "<group>"; };
		19F0EB461A44CEB8001ADFAE /* blowfish.h */ = {isa = PBXFileReference; fileEncoding = 4; lastKnownFileType = sourcecode.c.h; path = blowfish.h; sourceTree = "<group>"; };
		19F0EB471A44CEB8001ADFAE /* bprint.h */ = {isa = PBXFileReference; fileEncoding = 4; lastKnownFileType = sourcecode.c.h; path = bprint.h; sourceTree = "<group>"; };
		19F0EB481A44CEB8001ADFAE /* bswap.h */ = {isa = PBXFileReference; fileEncoding = 4; lastKnownFileType = sourcecode.c.h; path = bswap.h; sourceTree = "<group>"; };
		19F0EB491A44CEB8001ADFAE /* buffer.h */ = {isa = PBXFileReference; fileEncoding = 4; lastKnownFileType = sourcecode.c.h; path = buffer.h; sourceTree = "<group>"; };
		19F0EB4A1A44CEB8001ADFAE /* cast5.h */ = {isa = PBXFileReference; fileEncoding = 4; lastKnownFileType = sourcecode.c.h; path = cast5.h; sourceTree = "<group>"; };
		19F0EB4B1A44CEB8001ADFAE /* channel_layout.h */ = {isa = PBXFileReference; fileEncoding = 4; lastKnownFileType = sourcecode.c.h; path = channel_layout.h; sourceTree = "<group>"; };
		19F0EB4C1A44CEB8001ADFAE /* common.h */ = {isa = PBXFileReference; fileEncoding = 4; lastKnownFileType = sourcecode.c.h; path = common.h; sourceTree = "<group>"; };
		19F0EB4D1A44CEB8001ADFAE /* cpu.h */ = {isa = PBXFileReference; fileEncoding = 4; lastKnownFileType = sourcecode.c.h; path = cpu.h; sourceTree = "<group>"; };
		19F0EB4E1A44CEB8001ADFAE /* crc.h */ = {isa = PBXFileReference; fileEncoding = 4; lastKnownFileType = sourcecode.c.h; path = crc.h; sourceTree = "<group>"; };
		19F0EB4F1A44CEB8001ADFAE /* dict.h */ = {isa = PBXFileReference; fileEncoding = 4; lastKnownFileType = sourcecode.c.h; path = dict.h; sourceTree = "<group>"; };
		19F0EB501A44CEB8001ADFAE /* display.h */ = {isa = PBXFileReference; fileEncoding = 4; lastKnownFileType = sourcecode.c.h; path = display.h; sourceTree = "<group>"; };
		19F0EB511A44CEB8001ADFAE /* downmix_info.h */ = {isa = PBXFileReference; fileEncoding = 4; lastKnownFileType = sourcecode.c.h; path = downmix_info.h; sourceTree = "<group>"; };
		19F0EB521A44CEB8001ADFAE /* error.h */ = {isa = PBXFileReference; fileEncoding = 4; lastKnownFileType = sourcecode.c.h; path = error.h; sourceTree = "<group>"; };
		19F0EB531A44CEB8001ADFAE /* eval.h */ = {isa = PBXFileReference; fileEncoding = 4; lastKnownFileType = sourcecode.c.h; path = eval.h; sourceTree = "<group>"; };
		19F0EB541A44CEB8001ADFAE /* ffversion.h */ = {isa = PBXFileReference; fileEncoding = 4; lastKnownFileType = sourcecode.c.h; path = ffversion.h; sourceTree = "<group>"; };
		19F0EB551A44CEB8001ADFAE /* fifo.h */ = {isa = PBXFileReference; fileEncoding = 4; lastKnownFileType = sourcecode.c.h; path = fifo.h; sourceTree = "<group>"; };
		19F0EB561A44CEB8001ADFAE /* file.h */ = {isa = PBXFileReference; fileEncoding = 4; lastKnownFileType = sourcecode.c.h; path = file.h; sourceTree = "<group>"; };
		19F0EB571A44CEB8001ADFAE /* frame.h */ = {isa = PBXFileReference; fileEncoding = 4; lastKnownFileType = sourcecode.c.h; path = frame.h; sourceTree = "<group>"; };
		19F0EB581A44CEB8001ADFAE /* hash.h */ = {isa = PBXFileReference; fileEncoding = 4; lastKnownFileType = sourcecode.c.h; path = hash.h; sourceTree = "<group>"; };
		19F0EB591A44CEB8001ADFAE /* hmac.h */ = {isa = PBXFileReference; fileEncoding = 4; lastKnownFileType = sourcecode.c.h; path = hmac.h; sourceTree = "<group>"; };
		19F0EB5A1A44CEB8001ADFAE /* imgutils.h */ = {isa = PBXFileReference; fileEncoding = 4; lastKnownFileType = sourcecode.c.h; path = imgutils.h; sourceTree = "<group>"; };
		19F0EB5B1A44CEB8001ADFAE /* intfloat.h */ = {isa = PBXFileReference; fileEncoding = 4; lastKnownFileType = sourcecode.c.h; path = intfloat.h; sourceTree = "<group>"; };
		19F0EB5C1A44CEB8001ADFAE /* intreadwrite.h */ = {isa = PBXFileReference; fileEncoding = 4; lastKnownFileType = sourcecode.c.h; path = intreadwrite.h; sourceTree = "<group>"; };
		19F0EB5D1A44CEB8001ADFAE /* lfg.h */ = {isa = PBXFileReference; fileEncoding = 4; lastKnownFileType = sourcecode.c.h; path = lfg.h; sourceTree = "<group>"; };
		19F0EB5E1A44CEB8001ADFAE /* log.h */ = {isa = PBXFileReference; fileEncoding = 4; lastKnownFileType = sourcecode.c.h; path = log.h; sourceTree = "<group>"; };
		19F0EB5F1A44CEB8001ADFAE /* lzo.h */ = {isa = PBXFileReference; fileEncoding = 4; lastKnownFileType = sourcecode.c.h; path = lzo.h; sourceTree = "<group>"; };
		19F0EB601A44CEB8001ADFAE /* macros.h */ = {isa = PBXFileReference; fileEncoding = 4; lastKnownFileType = sourcecode.c.h; path = macros.h; sourceTree = "<group>"; };
		19F0EB611A44CEB8001ADFAE /* mathematics.h */ = {isa = PBXFileReference; fileEncoding = 4; lastKnownFileType = sourcecode.c.h; path = mathematics.h; sourceTree = "<group>"; };
		19F0EB621A44CEB8001ADFAE /* md5.h */ = {isa = PBXFileReference; fileEncoding = 4; lastKnownFileType = sourcecode.c.h; path = md5.h; sourceTree = "<group>"; };
		19F0EB631A44CEB8001ADFAE /* mem.h */ = {isa = PBXFileReference; fileEncoding = 4; lastKnownFileType = sourcecode.c.h; path = mem.h; sourceTree = "<group>"; };
		19F0EB641A44CEB8001ADFAE /* motion_vector.h */ = {isa = PBXFileReference; fileEncoding = 4; lastKnownFileType = sourcecode.c.h; path = motion_vector.h; sourceTree = "<group>"; };
		19F0EB651A44CEB8001ADFAE /* murmur3.h */ = {isa = PBXFileReference; fileEncoding = 4; lastKnownFileType = sourcecode.c.h; path = murmur3.h; sourceTree = "<group>"; };
		19F0EB661A44CEB8001ADFAE /* old_pix_fmts.h */ = {isa = PBXFileReference; fileEncoding = 4; lastKnownFileType = sourcecode.c.h; path = old_pix_fmts.h; sourceTree = "<group>"; };
		19F0EB671A44CEB8001ADFAE /* opt.h */ = {isa = PBXFileReference; fileEncoding = 4; lastKnownFileType = sourcecode.c.h; path = opt.h; sourceTree = "<group>"; };
		19F0EB681A44CEB8001ADFAE /* parseutils.h */ = {isa = PBXFileReference; fileEncoding = 4; lastKnownFileType = sourcecode.c.h; path = parseutils.h; sourceTree = "<group>"; };
		19F0EB691A44CEB8001ADFAE /* pixdesc.h */ = {isa = PBXFileReference; fileEncoding = 4; lastKnownFileType = sourcecode.c.h; path = pixdesc.h; sourceTree = "<group>"; };
		19F0EB6A1A44CEB8001ADFAE /* pixelutils.h */ = {isa = PBXFileReference; fileEncoding = 4; lastKnownFileType = sourcecode.c.h; path = pixelutils.h; sourceTree = "<group>"; };
		19F0EB6B1A44CEB8001ADFAE /* pixfmt.h */ = {isa = PBXFileReference; fileEncoding = 4; lastKnownFileType = sourcecode.c.h; path = pixfmt.h; sourceTree = "<group>"; };
		19F0EB6C1A44CEB8001ADFAE /* random_seed.h */ = {isa = PBXFileReference; fileEncoding = 4; lastKnownFileType = sourcecode.c.h; path = random_seed.h; sourceTree = "<group>"; };
		19F0EB6D1A44CEB8001ADFAE /* rational.h */ = {isa = PBXFileReference; fileEncoding = 4; lastKnownFileType = sourcecode.c.h; path = rational.h; sourceTree = "<group>"; };
		19F0EB6E1A44CEB8001ADFAE /* replaygain.h */ = {isa = PBXFileReference; fileEncoding = 4; lastKnownFileType = sourcecode.c.h; path = replaygain.h; sourceTree = "<group>"; };
		19F0EB6F1A44CEB8001ADFAE /* ripemd.h */ = {isa = PBXFileReference; fileEncoding = 4; lastKnownFileType = sourcecode.c.h; path = ripemd.h; sourceTree = "<group>"; };
		19F0EB701A44CEB8001ADFAE /* samplefmt.h */ = {isa = PBXFileReference; fileEncoding = 4; lastKnownFileType = sourcecode.c.h; path = samplefmt.h; sourceTree = "<group>"; };
		19F0EB711A44CEB8001ADFAE /* sha.h */ = {isa = PBXFileReference; fileEncoding = 4; lastKnownFileType = sourcecode.c.h; path = sha.h; sourceTree = "<group>"; };
		19F0EB721A44CEB8001ADFAE /* sha512.h */ = {isa = PBXFileReference; fileEncoding = 4; lastKnownFileType = sourcecode.c.h; path = sha512.h; sourceTree = "<group>"; };
		19F0EB731A44CEB8001ADFAE /* stereo3d.h */ = {isa = PBXFileReference; fileEncoding = 4; lastKnownFileType = sourcecode.c.h; path = stereo3d.h; sourceTree = "<group>"; };
		19F0EB741A44CEB8001ADFAE /* threadmessage.h */ = {isa = PBXFileReference; fileEncoding = 4; lastKnownFileType = sourcecode.c.h; path = threadmessage.h; sourceTree = "<group>"; };
		19F0EB751A44CEB8001ADFAE /* time.h */ = {isa = PBXFileReference; fileEncoding = 4; lastKnownFileType = sourcecode.c.h; path = time.h; sourceTree = "<group>"; };
		19F0EB761A44CEB8001ADFAE /* timecode.h */ = {isa = PBXFileReference; fileEncoding = 4; lastKnownFileType = sourcecode.c.h; path = timecode.h; sourceTree = "<group>"; };
		19F0EB771A44CEB8001ADFAE /* timestamp.h */ = {isa = PBXFileReference; fileEncoding = 4; lastKnownFileType = sourcecode.c.h; path = timestamp.h; sourceTree = "<group>"; };
		19F0EB781A44CEB8001ADFAE /* version.h */ = {isa = PBXFileReference; fileEncoding = 4; lastKnownFileType = sourcecode.c.h; path = version.h; sourceTree = "<group>"; };
		19F0EB791A44CEB8001ADFAE /* xtea.h */ = {isa = PBXFileReference; fileEncoding = 4; lastKnownFileType = sourcecode.c.h; path = xtea.h; sourceTree = "<group>"; };
		19F0EB7B1A44CEB8001ADFAE /* swresample.h */ = {isa = PBXFileReference; fileEncoding = 4; lastKnownFileType = sourcecode.c.h; path = swresample.h; sourceTree = "<group>"; };
		19F0EB7C1A44CEB8001ADFAE /* version.h */ = {isa = PBXFileReference; fileEncoding = 4; lastKnownFileType = sourcecode.c.h; path = version.h; sourceTree = "<group>"; };
		19F0EB7E1A44CEB8001ADFAE /* swscale.h */ = {isa = PBXFileReference; fileEncoding = 4; lastKnownFileType = sourcecode.c.h; path = swscale.h; sourceTree = "<group>"; };
		19F0EB7F1A44CEB8001ADFAE /* version.h */ = {isa = PBXFileReference; fileEncoding = 4; lastKnownFileType = sourcecode.c.h; path = version.h; sourceTree = "<group>"; };
		19F0EB811A44CEB8001ADFAE /* libavcodec.a */ = {isa = PBXFileReference; lastKnownFileType = archive.ar; path = libavcodec.a; sourceTree = "<group>"; };
		19F0EB821A44CEB8001ADFAE /* libavdevice.a */ = {isa = PBXFileReference; lastKnownFileType = archive.ar; path = libavdevice.a; sourceTree = "<group>"; };
		19F0EB831A44CEB8001ADFAE /* libavfilter.a */ = {isa = PBXFileReference; lastKnownFileType = archive.ar; path = libavfilter.a; sourceTree = "<group>"; };
		19F0EB841A44CEB8001ADFAE /* libavformat.a */ = {isa = PBXFileReference; lastKnownFileType = archive.ar; path = libavformat.a; sourceTree = "<group>"; };
		19F0EB851A44CEB8001ADFAE /* libavutil.a */ = {isa = PBXFileReference; lastKnownFileType = archive.ar; path = libavutil.a; sourceTree = "<group>"; };
		19F0EB861A44CEB8001ADFAE /* libswresample.a */ = {isa = PBXFileReference; lastKnownFileType = archive.ar; path = libswresample.a; sourceTree = "<group>"; };
		19F0EB871A44CEB8001ADFAE /* libswscale.a */ = {isa = PBXFileReference; lastKnownFileType = archive.ar; path = libswscale.a; sourceTree = "<group>"; };
/* End PBXFileReference section */

/* Begin PBXFrameworksBuildPhase section */
		0649AB0D16E9200D001323D2 /* Frameworks */ = {
			isa = PBXFrameworksBuildPhase;
			buildActionMask = 2147483647;
			files = (
				0649ABDF16E93112001323D2 /* AudioToolbox.framework in Frameworks */,
				0649ABD016E92CBE001323D2 /* CoreVideo.framework in Frameworks */,
				0649ABCE16E92CB8001323D2 /* CoreImage.framework in Frameworks */,
				19F0EB8B1A44CEB8001ADFAE /* libavformat.a in Frameworks */,
				0649ABCC16E92CB1001323D2 /* CoreMedia.framework in Frameworks */,
				0649ABCA16E92CA7001323D2 /* QuartzCore.framework in Frameworks */,
				19F0EB8E1A44CEB8001ADFAE /* libswscale.a in Frameworks */,
				19F0EB8C1A44CEB8001ADFAE /* libavutil.a in Frameworks */,
				0649ABC816E92C9F001323D2 /* AVFoundation.framework in Frameworks */,
				0649ABC216E928E6001323D2 /* libz.dylib in Frameworks */,
				0649ABC016E928DF001323D2 /* libbz2.dylib in Frameworks */,
				0649AB1416E9200D001323D2 /* UIKit.framework in Frameworks */,
				19F0EB8D1A44CEB8001ADFAE /* libswresample.a in Frameworks */,
				0649AB1616E9200D001323D2 /* Foundation.framework in Frameworks */,
				19F0EB8A1A44CEB8001ADFAE /* libavfilter.a in Frameworks */,
				0649AB1816E9200D001323D2 /* CoreGraphics.framework in Frameworks */,
				19F0EB891A44CEB8001ADFAE /* libavdevice.a in Frameworks */,
				19F0EB881A44CEB8001ADFAE /* libavcodec.a in Frameworks */,
			);
			runOnlyForDeploymentPostprocessing = 0;
		};
		0649AB3516E9200D001323D2 /* Frameworks */ = {
			isa = PBXFrameworksBuildPhase;
			buildActionMask = 2147483647;
			files = (
				0649AB3B16E9200D001323D2 /* SenTestingKit.framework in Frameworks */,
				0649AB3C16E9200D001323D2 /* UIKit.framework in Frameworks */,
				0649AB3D16E9200D001323D2 /* Foundation.framework in Frameworks */,
			);
			runOnlyForDeploymentPostprocessing = 0;
		};
/* End PBXFrameworksBuildPhase section */

/* Begin PBXGroup section */
		0649AB0716E9200D001323D2 = {
			isa = PBXGroup;
			children = (
				0649AB1916E9200D001323D2 /* DFURTSPPlayer */,
				0649AB4016E9200D001323D2 /* DFURTSPPlayerTests */,
				0649AB1216E9200D001323D2 /* Frameworks */,
				0649AB1116E9200D001323D2 /* Products */,
			);
			sourceTree = "<group>";
		};
		0649AB1116E9200D001323D2 /* Products */ = {
			isa = PBXGroup;
			children = (
				0649AB1016E9200D001323D2 /* DFURTSPPlayer.app */,
				0649AB3916E9200D001323D2 /* DFURTSPPlayerTests.octest */,
			);
			name = Products;
			sourceTree = "<group>";
		};
		0649AB1216E9200D001323D2 /* Frameworks */ = {
			isa = PBXGroup;
			children = (
				0649ABC116E928E6001323D2 /* libz.dylib */,
				0649ABBF16E928DF001323D2 /* libbz2.dylib */,
				0649ABDE16E93112001323D2 /* AudioToolbox.framework */,
				0649ABCF16E92CBE001323D2 /* CoreVideo.framework */,
				0649ABCD16E92CB8001323D2 /* CoreImage.framework */,
				0649ABCB16E92CB1001323D2 /* CoreMedia.framework */,
				0649ABC916E92CA7001323D2 /* QuartzCore.framework */,
				0649ABC716E92C9F001323D2 /* AVFoundation.framework */,
				0649AB1316E9200D001323D2 /* UIKit.framework */,
				0649AB1516E9200D001323D2 /* Foundation.framework */,
				0649AB1716E9200D001323D2 /* CoreGraphics.framework */,
				0649AB3A16E9200D001323D2 /* SenTestingKit.framework */,
			);
			name = Frameworks;
			sourceTree = "<group>";
		};
		0649AB1916E9200D001323D2 /* DFURTSPPlayer */ = {
			isa = PBXGroup;
			children = (
				0649AB2216E9200D001323D2 /* DFUAppDelegate.h */,
				0649AB2316E9200D001323D2 /* DFUAppDelegate.m */,
				0649AB2B16E9200D001323D2 /* DFUViewController.h */,
				0649AB2C16E9200D001323D2 /* DFUViewController.m */,
				0649ABD116E92D17001323D2 /* FFMpegDecoder */,
				19F0EB1E1A44CEB8001ADFAE /* FFmpegiOS */,
				0649AB5116E92055001323D2 /* Resources */,
				0649AB1A16E9200D001323D2 /* Supporting Files */,
			);
			path = DFURTSPPlayer;
			sourceTree = "<group>";
		};
		0649AB1A16E9200D001323D2 /* Supporting Files */ = {
			isa = PBXGroup;
			children = (
				0649AB1B16E9200D001323D2 /* DFURTSPPlayer-Info.plist */,
				0649AB1C16E9200D001323D2 /* InfoPlist.strings */,
				0649AB1F16E9200D001323D2 /* main.m */,
				0649AB2116E9200D001323D2 /* DFURTSPPlayer-Prefix.pch */,
			);
			name = "Supporting Files";
			sourceTree = "<group>";
		};
		0649AB4016E9200D001323D2 /* DFURTSPPlayerTests */ = {
			isa = PBXGroup;
			children = (
				0649AB4616E9200D001323D2 /* DFURTSPPlayerTests.h */,
				0649AB4716E9200D001323D2 /* DFURTSPPlayerTests.m */,
				0649AB4116E9200D001323D2 /* Supporting Files */,
			);
			path = DFURTSPPlayerTests;
			sourceTree = "<group>";
		};
		0649AB4116E9200D001323D2 /* Supporting Files */ = {
			isa = PBXGroup;
			children = (
				0649AB4216E9200D001323D2 /* DFURTSPPlayerTests-Info.plist */,
				0649AB4316E9200D001323D2 /* InfoPlist.strings */,
			);
			name = "Supporting Files";
			sourceTree = "<group>";
		};
		0649AB5116E92055001323D2 /* Resources */ = {
			isa = PBXGroup;
			children = (
				0649AB5916E92086001323D2 /* XIB */,
				0649AB5216E92055001323D2 /* Default-568h@2x.png */,
				0649AB5316E92055001323D2 /* Default.png */,
				0649ABE016E93227001323D2 /* sophie.mov */,
				0649AB5416E92055001323D2 /* Default@2x.png */,
			);
			path = Resources;
			sourceTree = "<group>";
		};
		0649AB5916E92086001323D2 /* XIB */ = {
			isa = PBXGroup;
			children = (
				0649AB2E16E9200D001323D2 /* DFUViewController_iPhone.xib */,
				0649AB3116E9200D001323D2 /* DFUViewController_iPad.xib */,
			);
			name = XIB;
			sourceTree = "<group>";
		};
		0649ABD116E92D17001323D2 /* FFMpegDecoder */ = {
			isa = PBXGroup;
			children = (
				0649ABD516E93103001323D2 /* AudioStreamer.h */,
				0649ABD616E93103001323D2 /* AudioStreamer.m */,
				0649ABD716E93103001323D2 /* Utilities.h */,
				0649ABD816E93103001323D2 /* Utilities.m */,
				0649ABD916E93103001323D2 /* RTSPPlayer.h */,
				0649ABDA16E93103001323D2 /* RTSPPlayer.m */,
			);
			path = FFMpegDecoder;
			sourceTree = "<group>";
		};
		19F0EB1E1A44CEB8001ADFAE /* FFmpegiOS */ = {
			isa = PBXGroup;
			children = (
				19F0EB1F1A44CEB8001ADFAE /* include */,
				19F0EB801A44CEB8001ADFAE /* lib */,
			);
			path = FFmpegiOS;
			sourceTree = "<group>";
		};
		19F0EB1F1A44CEB8001ADFAE /* include */ = {
			isa = PBXGroup;
			children = (
				19F0EB201A44CEB8001ADFAE /* libavcodec */,
				19F0EB2C1A44CEB8001ADFAE /* libavdevice */,
				19F0EB2F1A44CEB8001ADFAE /* libavfilter */,
				19F0EB371A44CEB8001ADFAE /* libavformat */,
				19F0EB3B1A44CEB8001ADFAE /* libavutil */,
				19F0EB7A1A44CEB8001ADFAE /* libswresample */,
				19F0EB7D1A44CEB8001ADFAE /* libswscale */,
			);
			path = include;
			sourceTree = "<group>";
		};
		19F0EB201A44CEB8001ADFAE /* libavcodec */ = {
			isa = PBXGroup;
			children = (
				19F0EB211A44CEB8001ADFAE /* avcodec.h */,
				19F0EB221A44CEB8001ADFAE /* avfft.h */,
				19F0EB231A44CEB8001ADFAE /* dv_profile.h */,
				19F0EB241A44CEB8001ADFAE /* dxva2.h */,
				19F0EB251A44CEB8001ADFAE /* old_codec_ids.h */,
				19F0EB261A44CEB8001ADFAE /* vaapi.h */,
				19F0EB271A44CEB8001ADFAE /* vda.h */,
				19F0EB281A44CEB8001ADFAE /* vdpau.h */,
				19F0EB291A44CEB8001ADFAE /* version.h */,
				19F0EB2A1A44CEB8001ADFAE /* vorbis_parser.h */,
				19F0EB2B1A44CEB8001ADFAE /* xvmc.h */,
			);
			path = libavcodec;
			sourceTree = "<group>";
		};
		19F0EB2C1A44CEB8001ADFAE /* libavdevice */ = {
			isa = PBXGroup;
			children = (
				19F0EB2D1A44CEB8001ADFAE /* avdevice.h */,
				19F0EB2E1A44CEB8001ADFAE /* version.h */,
			);
			path = libavdevice;
			sourceTree = "<group>";
		};
		19F0EB2F1A44CEB8001ADFAE /* libavfilter */ = {
			isa = PBXGroup;
			children = (
				19F0EB301A44CEB8001ADFAE /* asrc_abuffer.h */,
				19F0EB311A44CEB8001ADFAE /* avcodec.h */,
				19F0EB321A44CEB8001ADFAE /* avfilter.h */,
				19F0EB331A44CEB8001ADFAE /* avfiltergraph.h */,
				19F0EB341A44CEB8001ADFAE /* buffersink.h */,
				19F0EB351A44CEB8001ADFAE /* buffersrc.h */,
				19F0EB361A44CEB8001ADFAE /* version.h */,
			);
			path = libavfilter;
			sourceTree = "<group>";
		};
		19F0EB371A44CEB8001ADFAE /* libavformat */ = {
			isa = PBXGroup;
			children = (
				19F0EB381A44CEB8001ADFAE /* avformat.h */,
				19F0EB391A44CEB8001ADFAE /* avio.h */,
				19F0EB3A1A44CEB8001ADFAE /* version.h */,
			);
			path = libavformat;
			sourceTree = "<group>";
		};
		19F0EB3B1A44CEB8001ADFAE /* libavutil */ = {
			isa = PBXGroup;
			children = (
				19F0EB3C1A44CEB8001ADFAE /* adler32.h */,
				19F0EB3D1A44CEB8001ADFAE /* aes.h */,
				19F0EB3E1A44CEB8001ADFAE /* attributes.h */,
				19F0EB3F1A44CEB8001ADFAE /* audio_fifo.h */,
				19F0EB401A44CEB8001ADFAE /* audioconvert.h */,
				19F0EB411A44CEB8001ADFAE /* avassert.h */,
				19F0EB421A44CEB8001ADFAE /* avconfig.h */,
				19F0EB431A44CEB8001ADFAE /* avstring.h */,
				19F0EB441A44CEB8001ADFAE /* avutil.h */,
				19F0EB451A44CEB8001ADFAE /* base64.h */,
				19F0EB461A44CEB8001ADFAE /* blowfish.h */,
				19F0EB471A44CEB8001ADFAE /* bprint.h */,
				19F0EB481A44CEB8001ADFAE /* bswap.h */,
				19F0EB491A44CEB8001ADFAE /* buffer.h */,
				19F0EB4A1A44CEB8001ADFAE /* cast5.h */,
				19F0EB4B1A44CEB8001ADFAE /* channel_layout.h */,
				19F0EB4C1A44CEB8001ADFAE /* common.h */,
				19F0EB4D1A44CEB8001ADFAE /* cpu.h */,
				19F0EB4E1A44CEB8001ADFAE /* crc.h */,
				19F0EB4F1A44CEB8001ADFAE /* dict.h */,
				19F0EB501A44CEB8001ADFAE /* display.h */,
				19F0EB511A44CEB8001ADFAE /* downmix_info.h */,
				19F0EB521A44CEB8001ADFAE /* error.h */,
				19F0EB531A44CEB8001ADFAE /* eval.h */,
				19F0EB541A44CEB8001ADFAE /* ffversion.h */,
				19F0EB551A44CEB8001ADFAE /* fifo.h */,
				19F0EB561A44CEB8001ADFAE /* file.h */,
				19F0EB571A44CEB8001ADFAE /* frame.h */,
				19F0EB581A44CEB8001ADFAE /* hash.h */,
				19F0EB591A44CEB8001ADFAE /* hmac.h */,
				19F0EB5A1A44CEB8001ADFAE /* imgutils.h */,
				19F0EB5B1A44CEB8001ADFAE /* intfloat.h */,
				19F0EB5C1A44CEB8001ADFAE /* intreadwrite.h */,
				19F0EB5D1A44CEB8001ADFAE /* lfg.h */,
				19F0EB5E1A44CEB8001ADFAE /* log.h */,
				19F0EB5F1A44CEB8001ADFAE /* lzo.h */,
				19F0EB601A44CEB8001ADFAE /* macros.h */,
				19F0EB611A44CEB8001ADFAE /* mathematics.h */,
				19F0EB621A44CEB8001ADFAE /* md5.h */,
				19F0EB631A44CEB8001ADFAE /* mem.h */,
				19F0EB641A44CEB8001ADFAE /* motion_vector.h */,
				19F0EB651A44CEB8001ADFAE /* murmur3.h */,
				19F0EB661A44CEB8001ADFAE /* old_pix_fmts.h */,
				19F0EB671A44CEB8001ADFAE /* opt.h */,
				19F0EB681A44CEB8001ADFAE /* parseutils.h */,
				19F0EB691A44CEB8001ADFAE /* pixdesc.h */,
				19F0EB6A1A44CEB8001ADFAE /* pixelutils.h */,
				19F0EB6B1A44CEB8001ADFAE /* pixfmt.h */,
				19F0EB6C1A44CEB8001ADFAE /* random_seed.h */,
				19F0EB6D1A44CEB8001ADFAE /* rational.h */,
				19F0EB6E1A44CEB8001ADFAE /* replaygain.h */,
				19F0EB6F1A44CEB8001ADFAE /* ripemd.h */,
				19F0EB701A44CEB8001ADFAE /* samplefmt.h */,
				19F0EB711A44CEB8001ADFAE /* sha.h */,
				19F0EB721A44CEB8001ADFAE /* sha512.h */,
				19F0EB731A44CEB8001ADFAE /* stereo3d.h */,
				19F0EB741A44CEB8001ADFAE /* threadmessage.h */,
				19F0EB751A44CEB8001ADFAE /* time.h */,
				19F0EB761A44CEB8001ADFAE /* timecode.h */,
				19F0EB771A44CEB8001ADFAE /* timestamp.h */,
				19F0EB781A44CEB8001ADFAE /* version.h */,
				19F0EB791A44CEB8001ADFAE /* xtea.h */,
			);
			path = libavutil;
			sourceTree = "<group>";
		};
		19F0EB7A1A44CEB8001ADFAE /* libswresample */ = {
			isa = PBXGroup;
			children = (
				19F0EB7B1A44CEB8001ADFAE /* swresample.h */,
				19F0EB7C1A44CEB8001ADFAE /* version.h */,
			);
			path = libswresample;
			sourceTree = "<group>";
		};
		19F0EB7D1A44CEB8001ADFAE /* libswscale */ = {
			isa = PBXGroup;
			children = (
				19F0EB7E1A44CEB8001ADFAE /* swscale.h */,
				19F0EB7F1A44CEB8001ADFAE /* version.h */,
			);
			path = libswscale;
			sourceTree = "<group>";
		};
		19F0EB801A44CEB8001ADFAE /* lib */ = {
			isa = PBXGroup;
			children = (
				19F0EB811A44CEB8001ADFAE /* libavcodec.a */,
				19F0EB821A44CEB8001ADFAE /* libavdevice.a */,
				19F0EB831A44CEB8001ADFAE /* libavfilter.a */,
				19F0EB841A44CEB8001ADFAE /* libavformat.a */,
				19F0EB851A44CEB8001ADFAE /* libavutil.a */,
				19F0EB861A44CEB8001ADFAE /* libswresample.a */,
				19F0EB871A44CEB8001ADFAE /* libswscale.a */,
			);
			path = lib;
			sourceTree = "<group>";
		};
/* End PBXGroup section */

/* Begin PBXNativeTarget section */
		0649AB0F16E9200D001323D2 /* DFURTSPPlayer */ = {
			isa = PBXNativeTarget;
			buildConfigurationList = 0649AB4B16E9200D001323D2 /* Build configuration list for PBXNativeTarget "DFURTSPPlayer" */;
			buildPhases = (
				0649AB0C16E9200D001323D2 /* Sources */,
				0649AB0D16E9200D001323D2 /* Frameworks */,
				0649AB0E16E9200D001323D2 /* Resources */,
			);
			buildRules = (
			);
			dependencies = (
			);
			name = DFURTSPPlayer;
			productName = DFURTSPPlayer;
			productReference = 0649AB1016E9200D001323D2 /* DFURTSPPlayer.app */;
			productType = "com.apple.product-type.application";
		};
		0649AB3816E9200D001323D2 /* DFURTSPPlayerTests */ = {
			isa = PBXNativeTarget;
			buildConfigurationList = 0649AB4E16E9200D001323D2 /* Build configuration list for PBXNativeTarget "DFURTSPPlayerTests" */;
			buildPhases = (
				0649AB3416E9200D001323D2 /* Sources */,
				0649AB3516E9200D001323D2 /* Frameworks */,
				0649AB3616E9200D001323D2 /* Resources */,
				0649AB3716E9200D001323D2 /* ShellScript */,
			);
			buildRules = (
			);
			dependencies = (
				0649AB3F16E9200D001323D2 /* PBXTargetDependency */,
			);
			name = DFURTSPPlayerTests;
			productName = DFURTSPPlayerTests;
			productReference = 0649AB3916E9200D001323D2 /* DFURTSPPlayerTests.octest */;
			productType = "com.apple.product-type.bundle.ocunit-test";
		};
/* End PBXNativeTarget section */

/* Begin PBXProject section */
		0649AB0816E9200D001323D2 /* Project object */ = {
			isa = PBXProject;
			attributes = {
				CLASSPREFIX = DFU;
				LastUpgradeCheck = 0460;
				ORGANIZATIONNAME = "Bogdan Furdui";
			};
			buildConfigurationList = 0649AB0B16E9200D001323D2 /* Build configuration list for PBXProject "DFURTSPPlayer" */;
			compatibilityVersion = "Xcode 3.2";
			developmentRegion = English;
			hasScannedForEncodings = 0;
			knownRegions = (
				en,
			);
			mainGroup = 0649AB0716E9200D001323D2;
			productRefGroup = 0649AB1116E9200D001323D2 /* Products */;
			projectDirPath = "";
			projectRoot = "";
			targets = (
				0649AB0F16E9200D001323D2 /* DFURTSPPlayer */,
				0649AB3816E9200D001323D2 /* DFURTSPPlayerTests */,
			);
		};
/* End PBXProject section */

/* Begin PBXResourcesBuildPhase section */
		0649AB0E16E9200D001323D2 /* Resources */ = {
			isa = PBXResourcesBuildPhase;
			buildActionMask = 2147483647;
			files = (
				0649AB1E16E9200D001323D2 /* InfoPlist.strings in Resources */,
				0649AB3016E9200D001323D2 /* DFUViewController_iPhone.xib in Resources */,
				0649AB3316E9200D001323D2 /* DFUViewController_iPad.xib in Resources */,
				0649AB5516E92055001323D2 /* Default-568h@2x.png in Resources */,
				0649AB5616E92055001323D2 /* Default.png in Resources */,
				0649AB5716E92055001323D2 /* Default@2x.png in Resources */,
				0649ABE116E93227001323D2 /* sophie.mov in Resources */,
			);
			runOnlyForDeploymentPostprocessing = 0;
		};
		0649AB3616E9200D001323D2 /* Resources */ = {
			isa = PBXResourcesBuildPhase;
			buildActionMask = 2147483647;
			files = (
				0649AB4516E9200D001323D2 /* InfoPlist.strings in Resources */,
			);
			runOnlyForDeploymentPostprocessing = 0;
		};
/* End PBXResourcesBuildPhase section */

/* Begin PBXShellScriptBuildPhase section */
		0649AB3716E9200D001323D2 /* ShellScript */ = {
			isa = PBXShellScriptBuildPhase;
			buildActionMask = 2147483647;
			files = (
			);
			inputPaths = (
			);
			outputPaths = (
			);
			runOnlyForDeploymentPostprocessing = 0;
			shellPath = /bin/sh;
			shellScript = "# Run the unit tests in this test bundle.\n\"${SYSTEM_DEVELOPER_DIR}/Tools/RunUnitTests\"\n";
		};
/* End PBXShellScriptBuildPhase section */

/* Begin PBXSourcesBuildPhase section */
		0649AB0C16E9200D001323D2 /* Sources */ = {
			isa = PBXSourcesBuildPhase;
			buildActionMask = 2147483647;
			files = (
				0649AB2016E9200D001323D2 /* main.m in Sources */,
				0649AB2416E9200D001323D2 /* DFUAppDelegate.m in Sources */,
				0649AB2D16E9200D001323D2 /* DFUViewController.m in Sources */,
				0649ABDB16E93103001323D2 /* AudioStreamer.m in Sources */,
				0649ABDC16E93103001323D2 /* Utilities.m in Sources */,
				0649ABDD16E93103001323D2 /* RTSPPlayer.m in Sources */,
			);
			runOnlyForDeploymentPostprocessing = 0;
		};
		0649AB3416E9200D001323D2 /* Sources */ = {
			isa = PBXSourcesBuildPhase;
			buildActionMask = 2147483647;
			files = (
				0649AB4816E9200D001323D2 /* DFURTSPPlayerTests.m in Sources */,
			);
			runOnlyForDeploymentPostprocessing = 0;
		};
/* End PBXSourcesBuildPhase section */

/* Begin PBXTargetDependency section */
		0649AB3F16E9200D001323D2 /* PBXTargetDependency */ = {
			isa = PBXTargetDependency;
			target = 0649AB0F16E9200D001323D2 /* DFURTSPPlayer */;
			targetProxy = 0649AB3E16E9200D001323D2 /* PBXContainerItemProxy */;
		};
/* End PBXTargetDependency section */

/* Begin PBXVariantGroup section */
		0649AB1C16E9200D001323D2 /* InfoPlist.strings */ = {
			isa = PBXVariantGroup;
			children = (
				0649AB1D16E9200D001323D2 /* en */,
			);
			name = InfoPlist.strings;
			sourceTree = "<group>";
		};
		0649AB2E16E9200D001323D2 /* DFUViewController_iPhone.xib */ = {
			isa = PBXVariantGroup;
			children = (
				0649AB2F16E9200D001323D2 /* en */,
			);
			name = DFUViewController_iPhone.xib;
			path = ..;
			sourceTree = "<group>";
		};
		0649AB3116E9200D001323D2 /* DFUViewController_iPad.xib */ = {
			isa = PBXVariantGroup;
			children = (
				0649AB3216E9200D001323D2 /* en */,
			);
			name = DFUViewController_iPad.xib;
			path = ..;
			sourceTree = "<group>";
		};
		0649AB4316E9200D001323D2 /* InfoPlist.strings */ = {
			isa = PBXVariantGroup;
			children = (
				0649AB4416E9200D001323D2 /* en */,
			);
			name = InfoPlist.strings;
			sourceTree = "<group>";
		};
/* End PBXVariantGroup section */

/* Begin XCBuildConfiguration section */
		0649AB4916E9200D001323D2 /* Debug */ = {
			isa = XCBuildConfiguration;
			buildSettings = {
				ALWAYS_SEARCH_USER_PATHS = NO;
				CLANG_CXX_LANGUAGE_STANDARD = "gnu++0x";
				CLANG_CXX_LIBRARY = "libc++";
				CLANG_WARN_CONSTANT_CONVERSION = YES;
				CLANG_WARN_EMPTY_BODY = YES;
				CLANG_WARN_ENUM_CONVERSION = YES;
				CLANG_WARN_INT_CONVERSION = YES;
				CLANG_WARN__DUPLICATE_METHOD_MATCH = YES;
				"CODE_SIGN_IDENTITY[sdk=iphoneos*]" = "iPhone Developer";
				COPY_PHASE_STRIP = NO;
				GCC_C_LANGUAGE_STANDARD = gnu99;
				GCC_DYNAMIC_NO_PIC = NO;
				GCC_OPTIMIZATION_LEVEL = 0;
				GCC_PREPROCESSOR_DEFINITIONS = (
					"DEBUG=1",
					"$(inherited)",
				);
				GCC_SYMBOLS_PRIVATE_EXTERN = NO;
				GCC_WARN_ABOUT_RETURN_TYPE = YES;
				GCC_WARN_UNINITIALIZED_AUTOS = YES;
				GCC_WARN_UNUSED_VARIABLE = YES;
				IPHONEOS_DEPLOYMENT_TARGET = 6.1;
				ONLY_ACTIVE_ARCH = YES;
				SDKROOT = iphoneos;
				TARGETED_DEVICE_FAMILY = "1,2";
			};
			name = Debug;
		};
		0649AB4A16E9200D001323D2 /* Release */ = {
			isa = XCBuildConfiguration;
			buildSettings = {
				ALWAYS_SEARCH_USER_PATHS = NO;
				CLANG_CXX_LANGUAGE_STANDARD = "gnu++0x";
				CLANG_CXX_LIBRARY = "libc++";
				CLANG_WARN_CONSTANT_CONVERSION = YES;
				CLANG_WARN_EMPTY_BODY = YES;
				CLANG_WARN_ENUM_CONVERSION = YES;
				CLANG_WARN_INT_CONVERSION = YES;
				CLANG_WARN__DUPLICATE_METHOD_MATCH = YES;
				"CODE_SIGN_IDENTITY[sdk=iphoneos*]" = "iPhone Developer";
				COPY_PHASE_STRIP = YES;
				GCC_C_LANGUAGE_STANDARD = gnu99;
				GCC_WARN_ABOUT_RETURN_TYPE = YES;
				GCC_WARN_UNINITIALIZED_AUTOS = YES;
				GCC_WARN_UNUSED_VARIABLE = YES;
				IPHONEOS_DEPLOYMENT_TARGET = 6.1;
				OTHER_CFLAGS = "-DNS_BLOCK_ASSERTIONS=1";
				SDKROOT = iphoneos;
				TARGETED_DEVICE_FAMILY = "1,2";
				VALIDATE_PRODUCT = YES;
			};
			name = Release;
		};
		0649AB4C16E9200D001323D2 /* Debug */ = {
			isa = XCBuildConfiguration;
			buildSettings = {
				GCC_PRECOMPILE_PREFIX_HEADER = YES;
				GCC_PREFIX_HEADER = "DFURTSPPlayer/DFURTSPPlayer-Prefix.pch";
				HEADER_SEARCH_PATHS = "$(PROJECT_DIR)/DFURTSPPlayer/FFmpegiOS/include";
				INFOPLIST_FILE = "DFURTSPPlayer/DFURTSPPlayer-Info.plist";
				LIBRARY_SEARCH_PATHS = (
					"$(inherited)",
					"$(PROJECT_DIR)/DFURTSPPlayer/FFmpegiOS/lib",
				);
				OTHER_LDFLAGS = (
					"-all_load",
					"-Objc",
				);
				PRODUCT_NAME = "$(TARGET_NAME)";
				WRAPPER_EXTENSION = app;
			};
			name = Debug;
		};
		0649AB4D16E9200D001323D2 /* Release */ = {
			isa = XCBuildConfiguration;
			buildSettings = {
				GCC_PRECOMPILE_PREFIX_HEADER = YES;
				GCC_PREFIX_HEADER = "DFURTSPPlayer/DFURTSPPlayer-Prefix.pch";
				HEADER_SEARCH_PATHS = "$(PROJECT_DIR)/DFURTSPPlayer/FFmpegiOS/include";
				INFOPLIST_FILE = "DFURTSPPlayer/DFURTSPPlayer-Info.plist";
				LIBRARY_SEARCH_PATHS = (
					"$(inherited)",
					"$(PROJECT_DIR)/DFURTSPPlayer/FFmpegiOS/lib",
				);
				OTHER_LDFLAGS = (
					"-all_load",
					"-Objc",
				);
				PRODUCT_NAME = "$(TARGET_NAME)";
				WRAPPER_EXTENSION = app;
			};
			name = Release;
		};
		0649AB4F16E9200D001323D2 /* Debug */ = {
			isa = XCBuildConfiguration;
			buildSettings = {
				BUNDLE_LOADER = "$(BUILT_PRODUCTS_DIR)/DFURTSPPlayer.app/DFURTSPPlayer";
				FRAMEWORK_SEARCH_PATHS = (
					"\"$(SDKROOT)/Developer/Library/Frameworks\"",
					"\"$(DEVELOPER_LIBRARY_DIR)/Frameworks\"",
				);
				GCC_PRECOMPILE_PREFIX_HEADER = YES;
				GCC_PREFIX_HEADER = "DFURTSPPlayer/DFURTSPPlayer-Prefix.pch";
				INFOPLIST_FILE = "DFURTSPPlayerTests/DFURTSPPlayerTests-Info.plist";
				PRODUCT_NAME = "$(TARGET_NAME)";
				TEST_HOST = "$(BUNDLE_LOADER)";
				WRAPPER_EXTENSION = octest;
			};
			name = Debug;
		};
		0649AB5016E9200D001323D2 /* Release */ = {
			isa = XCBuildConfiguration;
			buildSettings = {
				BUNDLE_LOADER = "$(BUILT_PRODUCTS_DIR)/DFURTSPPlayer.app/DFURTSPPlayer";
				FRAMEWORK_SEARCH_PATHS = (
					"\"$(SDKROOT)/Developer/Library/Frameworks\"",
					"\"$(DEVELOPER_LIBRARY_DIR)/Frameworks\"",
				);
				GCC_PRECOMPILE_PREFIX_HEADER = YES;
				GCC_PREFIX_HEADER = "DFURTSPPlayer/DFURTSPPlayer-Prefix.pch";
				INFOPLIST_FILE = "DFURTSPPlayerTests/DFURTSPPlayerTests-Info.plist";
				PRODUCT_NAME = "$(TARGET_NAME)";
				TEST_HOST = "$(BUNDLE_LOADER)";
				WRAPPER_EXTENSION = octest;
			};
			name = Release;
		};
/* End XCBuildConfiguration section */

/* Begin XCConfigurationList section */
		0649AB0B16E9200D001323D2 /* Build configuration list for PBXProject "DFURTSPPlayer" */ = {
			isa = XCConfigurationList;
			buildConfigurations = (
				0649AB4916E9200D001323D2 /* Debug */,
				0649AB4A16E9200D001323D2 /* Release */,
			);
			defaultConfigurationIsVisible = 0;
			defaultConfigurationName = Release;
		};
		0649AB4B16E9200D001323D2 /* Build configuration list for PBXNativeTarget "DFURTSPPlayer" */ = {
			isa = XCConfigurationList;
			buildConfigurations = (
				0649AB4C16E9200D001323D2 /* Debug */,
				0649AB4D16E9200D001323D2 /* Release */,
			);
			defaultConfigurationIsVisible = 0;
			defaultConfigurationName = Release;
		};
		0649AB4E16E9200D001323D2 /* Build configuration list for PBXNativeTarget "DFURTSPPlayerTests" */ = {
			isa = XCConfigurationList;
			buildConfigurations = (
				0649AB4F16E9200D001323D2 /* Debug */,
				0649AB5016E9200D001323D2 /* Release */,
			);
			defaultConfigurationIsVisible = 0;
			defaultConfigurationName = Release;
		};
/* End XCConfigurationList section */
	};
	rootObject = 0649AB0816E9200D001323D2 /* Project object */;
}
